# This file was autogenerated by uv via the following command:
#    uv pip compile pyproject.toml -o requirements.lock --python-version 3.11
aiofiles==24.1.0
    # via chainlit
aiohappyeyeballs==2.6.1
    # via aiohttp
aiohttp==3.13.3
    # via
    #   microsoft-kiota-authentication-azure
    #   traceloop-sdk
aiosignal==1.4.0
    # via aiohttp
annotated-doc==0.0.4
    # via
    #   fastapi
    #   typer
annotated-types==0.7.0
    # via pydantic
anthropic==0.86.0
    # via opentelemetry-instrumentation-bedrock
anyio==4.12.1
    # via
    #   anthropic
    #   asyncer
    #   httpx
    #   mcp
    #   openai
    #   sse-starlette
    #   starlette
    #   watchfiles
asgiref==3.11.1
    # via opentelemetry-instrumentation-asgi
asyncer==0.0.17
    # via chainlit
attrs==26.1.0
    # via
    #   aiohttp
    #   jsonschema
    #   referencing
azure-ai-contentsafety==1.0.0
    # via sec-posture-iq (pyproject.toml)
azure-core==1.39.0
    # via
    #   azure-ai-contentsafety
    #   azure-core-tracing-opentelemetry
    #   azure-identity
    #   azure-monitor-opentelemetry
    #   azure-monitor-opentelemetry-exporter
    #   microsoft-kiota-authentication-azure
    #   msrest
azure-core-tracing-opentelemetry==1.0.0b12
    # via azure-monitor-opentelemetry
azure-identity==1.25.3
    # via
    #   sec-posture-iq (pyproject.toml)
    #   azure-monitor-opentelemetry-exporter
    #   msgraph-sdk
azure-monitor-opentelemetry==1.8.7
    # via sec-posture-iq (pyproject.toml)
azure-monitor-opentelemetry-exporter==1.0.0b49
    # via azure-monitor-opentelemetry
bidict==0.23.1
    # via python-socketio
certifi==2026.2.25
    # via
    #   httpcore
    #   httpx
    #   msrest
    #   requests
cffi==2.0.0
    # via cryptography
chainlit==2.10.0
    # via sec-posture-iq (pyproject.toml)
charset-normalizer==3.4.6
    # via requests
chevron==0.14.0
    # via literalai
click==8.3.1
    # via
    #   chainlit
    #   typer
    #   uvicorn
colorama==0.4.6
    # via traceloop-sdk
cryptography==46.0.5
    # via
    #   azure-identity
    #   msal
    #   pyjwt
cuid==0.4
    # via traceloop-sdk
dataclasses-json==0.6.7
    # via chainlit
deprecated==1.3.1
    # via traceloop-sdk
distro==1.9.0
    # via
    #   anthropic
    #   openai
docstring-parser==0.17.0
    # via anthropic
fastapi==0.135.1
    # via
    #   sec-posture-iq (pyproject.toml)
    #   chainlit
filelock==3.25.2
    # via huggingface-hub
filetype==1.2.0
    # via chainlit
frozenlist==1.8.0
    # via
    #   aiohttp
    #   aiosignal
fsspec==2026.2.0
    # via huggingface-hub
github-copilot-sdk==0.2.0
    # via sec-posture-iq (pyproject.toml)
googleapis-common-protos==1.73.0
    # via
    #   opentelemetry-exporter-otlp-proto-grpc
    #   opentelemetry-exporter-otlp-proto-http
grpcio==1.78.0
    # via opentelemetry-exporter-otlp-proto-grpc
h11==0.16.0
    # via
    #   httpcore
    #   uvicorn
    #   wsproto
h2==4.3.0
    # via httpx
hf-xet==1.4.2
    # via huggingface-hub
hpack==4.1.0
    # via h2
httpcore==1.0.9
    # via httpx
httptools==0.7.1
    # via uvicorn
httpx==0.28.1
    # via
    #   anthropic
    #   chainlit
    #   huggingface-hub
    #   literalai
    #   mcp
    #   microsoft-kiota-http
    #   msgraph-core
    #   openai
httpx-sse==0.4.3
    # via mcp
huggingface-hub==1.7.2
    # via tokenizers
hyperframe==6.1.0
    # via h2
idna==3.11
    # via
    #   anyio
    #   httpx
    #   requests
    #   yarl
importlib-metadata==8.7.1
    # via opentelemetry-api
inflection==0.5.1
    # via opentelemetry-instrumentation-llamaindex
isodate==0.7.2
    # via
    #   azure-ai-contentsafety
    #   msrest
jinja2==3.1.6
    # via traceloop-sdk
jiter==0.13.0
    # via
    #   anthropic
    #   openai
jsonschema==4.26.0
    # via mcp
jsonschema-specifications==2025.9.1
    # via jsonschema
lazify==0.4.0
    # via chainlit
literalai==0.1.201
    # via chainlit
markdown-it-py==4.0.0
    # via rich
markupsafe==3.0.3
    # via jinja2
marshmallow==3.26.2
    # via dataclasses-json
mcp==1.26.0
    # via chainlit
mdurl==0.1.2
    # via markdown-it-py
microsoft-kiota-abstractions==1.9.10
    # via
    #   microsoft-kiota-authentication-azure
    #   microsoft-kiota-http
    #   microsoft-kiota-serialization-form
    #   microsoft-kiota-serialization-json
    #   microsoft-kiota-serialization-multipart
    #   microsoft-kiota-serialization-text
    #   msgraph-core
microsoft-kiota-authentication-azure==1.9.10
    # via msgraph-core
microsoft-kiota-http==1.9.10
    # via msgraph-core
microsoft-kiota-serialization-form==1.9.10
    # via msgraph-sdk
microsoft-kiota-serialization-json==1.9.10
    # via msgraph-sdk
microsoft-kiota-serialization-multipart==1.9.10
    # via msgraph-sdk
microsoft-kiota-serialization-text==1.9.10
    # via msgraph-sdk
msal==1.35.1
    # via
    #   azure-identity
    #   msal-extensions
msal-extensions==1.3.1
    # via azure-identity
msgraph-core==1.3.8
    # via msgraph-sdk
msgraph-sdk==1.55.0
    # via sec-posture-iq (pyproject.toml)
msrest==0.7.1
    # via azure-monitor-opentelemetry-exporter
multidict==6.7.1
    # via
    #   aiohttp
    #   yarl
mypy-extensions==1.1.0
    # via typing-inspect
nest-asyncio==1.6.0
    # via chainlit
oauthlib==3.3.1
    # via requests-oauthlib
openai==2.29.0
    # via sec-posture-iq (pyproject.toml)
opentelemetry-api==1.40.0
    # via
    #   sec-posture-iq (pyproject.toml)
    #   azure-core-tracing-opentelemetry
    #   azure-monitor-opentelemetry-exporter
    #   microsoft-kiota-abstractions
    #   microsoft-kiota-authentication-azure
    #   microsoft-kiota-http
    #   opentelemetry-exporter-otlp-proto-grpc
    #   opentelemetry-exporter-otlp-proto-http
    #   opentelemetry-instrumentation
    #   opentelemetry-instrumentation-agno
    #   opentelemetry-instrumentation-alephalpha
    #   opentelemetry-instrumentation-anthropic
    #   opentelemetry-instrumentation-asgi
    #   opentelemetry-instrumentation-bedrock
    #   opentelemetry-instrumentation-chromadb
    #   opentelemetry-instrumentation-cohere
    #   opentelemetry-instrumentation-crewai
    #   opentelemetry-instrumentation-dbapi
    #   opentelemetry-instrumentation-django
    #   opentelemetry-instrumentation-fastapi
    #   opentelemetry-instrumentation-flask
    #   opentelemetry-instrumentation-google-generativeai
    #   opentelemetry-instrumentation-groq
    #   opentelemetry-instrumentation-haystack
    #   opentelemetry-instrumentation-lancedb
    #   opentelemetry-instrumentation-langchain
    #   opentelemetry-instrumentation-llamaindex
    #   opentelemetry-instrumentation-logging
    #   opentelemetry-instrumentation-marqo
    #   opentelemetry-instrumentation-mcp
    #   opentelemetry-instrumentation-milvus
    #   opentelemetry-instrumentation-mistralai
    #   opentelemetry-instrumentation-ollama
    #   opentelemetry-instrumentation-openai
    #   opentelemetry-instrumentation-openai-agents
    #   opentelemetry-instrumentation-openai-v2
    #   opentelemetry-instrumentation-pinecone
    #   opentelemetry-instrumentation-psycopg2
    #   opentelemetry-instrumentation-qdrant
    #   opentelemetry-instrumentation-redis
    #   opentelemetry-instrumentation-replicate
    #   opentelemetry-instrumentation-requests
    #   opentelemetry-instrumentation-sagemaker
    #   opentelemetry-instrumentation-sqlalchemy
    #   opentelemetry-instrumentation-threading
    #   opentelemetry-instrumentation-together
    #   opentelemetry-instrumentation-transformers
    #   opentelemetry-instrumentation-urllib
    #   opentelemetry-instrumentation-urllib3
    #   opentelemetry-instrumentation-vertexai
    #   opentelemetry-instrumentation-voyageai
    #   opentelemetry-instrumentation-watsonx
    #   opentelemetry-instrumentation-weaviate
    #   opentelemetry-instrumentation-writer
    #   opentelemetry-instrumentation-wsgi
    #   opentelemetry-sdk
    #   opentelemetry-semantic-conventions
    #   traceloop-sdk
opentelemetry-exporter-otlp-proto-common==1.40.0
    # via
    #   opentelemetry-exporter-otlp-proto-grpc
    #   opentelemetry-exporter-otlp-proto-http
opentelemetry-exporter-otlp-proto-grpc==1.40.0
    # via traceloop-sdk
opentelemetry-exporter-otlp-proto-http==1.40.0
    # via traceloop-sdk
opentelemetry-instrumentation==0.61b0
    # via
    #   opentelemetry-instrumentation-agno
    #   opentelemetry-instrumentation-alephalpha
    #   opentelemetry-instrumentation-anthropic
    #   opentelemetry-instrumentation-asgi
    #   opentelemetry-instrumentation-bedrock
    #   opentelemetry-instrumentation-chromadb
    #   opentelemetry-instrumentation-cohere
    #   opentelemetry-instrumentation-crewai
    #   opentelemetry-instrumentation-dbapi
    #   opentelemetry-instrumentation-django
    #   opentelemetry-instrumentation-fastapi
    #   opentelemetry-instrumentation-flask
    #   opentelemetry-instrumentation-google-generativeai
    #   opentelemetry-instrumentation-groq
    #   opentelemetry-instrumentation-haystack
    #   opentelemetry-instrumentation-lancedb
    #   opentelemetry-instrumentation-langchain
    #   opentelemetry-instrumentation-llamaindex
    #   opentelemetry-instrumentation-logging
    #   opentelemetry-instrumentation-marqo
    #   opentelemetry-instrumentation-mcp
    #   opentelemetry-instrumentation-milvus
    #   opentelemetry-instrumentation-mistralai
    #   opentelemetry-instrumentation-ollama
    #   opentelemetry-instrumentation-openai
    #   opentelemetry-instrumentation-openai-agents
    #   opentelemetry-instrumentation-openai-v2
    #   opentelemetry-instrumentation-pinecone
    #   opentelemetry-instrumentation-psycopg2
    #   opentelemetry-instrumentation-qdrant
    #   opentelemetry-instrumentation-redis
    #   opentelemetry-instrumentation-replicate
    #   opentelemetry-instrumentation-requests
    #   opentelemetry-instrumentation-sagemaker
    #   opentelemetry-instrumentation-sqlalchemy
    #   opentelemetry-instrumentation-threading
    #   opentelemetry-instrumentation-together
    #   opentelemetry-instrumentation-transformers
    #   opentelemetry-instrumentation-urllib
    #   opentelemetry-instrumentation-urllib3
    #   opentelemetry-instrumentation-vertexai
    #   opentelemetry-instrumentation-voyageai
    #   opentelemetry-instrumentation-watsonx
    #   opentelemetry-instrumentation-weaviate
    #   opentelemetry-instrumentation-writer
    #   opentelemetry-instrumentation-wsgi
opentelemetry-instrumentation-agno==0.53.3
    # via traceloop-sdk
opentelemetry-instrumentation-alephalpha==0.53.3
    # via traceloop-sdk
opentelemetry-instrumentation-anthropic==0.53.3
    # via traceloop-sdk
opentelemetry-instrumentation-asgi==0.61b0
    # via opentelemetry-instrumentation-fastapi
opentelemetry-instrumentation-bedrock==0.53.3
    # via traceloop-sdk
opentelemetry-instrumentation-chromadb==0.53.3
    # via traceloop-sdk
opentelemetry-instrumentation-cohere==0.53.3
    # via traceloop-sdk
opentelemetry-instrumentation-crewai==0.53.3
    # via traceloop-sdk
opentelemetry-instrumentation-dbapi==0.61b0
    # via opentelemetry-instrumentation-psycopg2
opentelemetry-instrumentation-django==0.61b0
    # via azure-monitor-opentelemetry
opentelemetry-instrumentation-fastapi==0.61b0
    # via azure-monitor-opentelemetry
opentelemetry-instrumentation-flask==0.61b0
    # via azure-monitor-opentelemetry
opentelemetry-instrumentation-google-generativeai==0.53.3
    # via traceloop-sdk
opentelemetry-instrumentation-groq==0.53.3
    # via traceloop-sdk
opentelemetry-instrumentation-haystack==0.53.3
    # via traceloop-sdk
opentelemetry-instrumentation-lancedb==0.53.3
    # via traceloop-sdk
opentelemetry-instrumentation-langchain==0.53.3
    # via traceloop-sdk
opentelemetry-instrumentation-llamaindex==0.53.3
    # via traceloop-sdk
opentelemetry-instrumentation-logging==0.61b0
    # via
    #   azure-monitor-opentelemetry
    #   traceloop-sdk
opentelemetry-instrumentation-marqo==0.53.3
    # via traceloop-sdk
opentelemetry-instrumentation-mcp==0.53.3
    # via traceloop-sdk
opentelemetry-instrumentation-milvus==0.53.3
    # via traceloop-sdk
opentelemetry-instrumentation-mistralai==0.53.3
    # via traceloop-sdk
opentelemetry-instrumentation-ollama==0.53.3
    # via traceloop-sdk
opentelemetry-instrumentation-openai==0.53.3
    # via traceloop-sdk
opentelemetry-instrumentation-openai-agents==0.53.3
    # via traceloop-sdk
opentelemetry-instrumentation-openai-v2==2.3b0
    # via sec-posture-iq (pyproject.toml)
opentelemetry-instrumentation-pinecone==0.53.3
    # via traceloop-sdk
opentelemetry-instrumentation-psycopg2==0.61b0
    # via azure-monitor-opentelemetry
opentelemetry-instrumentation-qdrant==0.53.3
    # via traceloop-sdk
opentelemetry-instrumentation-redis==0.61b0
    # via traceloop-sdk
opentelemetry-instrumentation-replicate==0.53.3
    # via traceloop-sdk
opentelemetry-instrumentation-requests==0.61b0
    # via
    #   azure-monitor-opentelemetry
    #   traceloop-sdk
opentelemetry-instrumentation-sagemaker==0.53.3
    # via traceloop-sdk
opentelemetry-instrumentation-sqlalchemy==0.61b0
    # via traceloop-sdk
opentelemetry-instrumentation-threading==0.61b0
    # via traceloop-sdk
opentelemetry-instrumentation-together==0.53.3
    # via traceloop-sdk
opentelemetry-instrumentation-transformers==0.53.3
    # via traceloop-sdk
opentelemetry-instrumentation-urllib==0.61b0
    # via azure-monitor-opentelemetry
opentelemetry-instrumentation-urllib3==0.61b0
    # via
    #   azure-monitor-opentelemetry
    #   traceloop-sdk
opentelemetry-instrumentation-vertexai==0.53.3
    # via traceloop-sdk
opentelemetry-instrumentation-voyageai==0.53.3
    # via traceloop-sdk
opentelemetry-instrumentation-watsonx==0.53.3
    # via traceloop-sdk
opentelemetry-instrumentation-weaviate==0.53.3
    # via traceloop-sdk
opentelemetry-instrumentation-writer==0.53.3
    # via traceloop-sdk
opentelemetry-instrumentation-wsgi==0.61b0
    # via
    #   opentelemetry-instrumentation-django
    #   opentelemetry-instrumentation-flask
opentelemetry-proto==1.40.0
    # via
    #   opentelemetry-exporter-otlp-proto-common
    #   opentelemetry-exporter-otlp-proto-grpc
    #   opentelemetry-exporter-otlp-proto-http
opentelemetry-resource-detector-azure==0.1.5
    # via azure-monitor-opentelemetry
opentelemetry-sdk==1.40.0
    # via
    #   sec-posture-iq (pyproject.toml)
    #   azure-monitor-opentelemetry
    #   azure-monitor-opentelemetry-exporter
    #   microsoft-kiota-abstractions
    #   microsoft-kiota-authentication-azure
    #   microsoft-kiota-http
    #   opentelemetry-exporter-otlp-proto-grpc
    #   opentelemetry-exporter-otlp-proto-http
    #   opentelemetry-resource-detector-azure
    #   opentelemetry-semantic-conventions-ai
    #   traceloop-sdk
opentelemetry-semantic-conventions==0.61b0
    # via
    #   opentelemetry-instrumentation
    #   opentelemetry-instrumentation-agno
    #   opentelemetry-instrumentation-alephalpha
    #   opentelemetry-instrumentation-anthropic
    #   opentelemetry-instrumentation-asgi
    #   opentelemetry-instrumentation-bedrock
    #   opentelemetry-instrumentation-chromadb
    #   opentelemetry-instrumentation-cohere
    #   opentelemetry-instrumentation-crewai
    #   opentelemetry-instrumentation-dbapi
    #   opentelemetry-instrumentation-django
    #   opentelemetry-instrumentation-fastapi
    #   opentelemetry-instrumentation-flask
    #   opentelemetry-instrumentation-google-generativeai
    #   opentelemetry-instrumentation-groq
    #   opentelemetry-instrumentation-haystack
    #   opentelemetry-instrumentation-lancedb
    #   opentelemetry-instrumentation-langchain
    #   opentelemetry-instrumentation-llamaindex
    #   opentelemetry-instrumentation-marqo
    #   opentelemetry-instrumentation-mcp
    #   opentelemetry-instrumentation-milvus
    #   opentelemetry-instrumentation-mistralai
    #   opentelemetry-instrumentation-ollama
    #   opentelemetry-instrumentation-openai
    #   opentelemetry-instrumentation-openai-agents
    #   opentelemetry-instrumentation-openai-v2
    #   opentelemetry-instrumentation-pinecone
    #   opentelemetry-instrumentation-qdrant
    #   opentelemetry-instrumentation-redis
    #   opentelemetry-instrumentation-replicate
    #   opentelemetry-instrumentation-requests
    #   opentelemetry-instrumentation-sagemaker
    #   opentelemetry-instrumentation-sqlalchemy
    #   opentelemetry-instrumentation-together
    #   opentelemetry-instrumentation-transformers
    #   opentelemetry-instrumentation-urllib
    #   opentelemetry-instrumentation-urllib3
    #   opentelemetry-instrumentation-vertexai
    #   opentelemetry-instrumentation-voyageai
    #   opentelemetry-instrumentation-watsonx
    #   opentelemetry-instrumentation-weaviate
    #   opentelemetry-instrumentation-writer
    #   opentelemetry-instrumentation-wsgi
    #   opentelemetry-sdk
    #   opentelemetry-semantic-conventions-ai
opentelemetry-semantic-conventions-ai==0.4.16
    # via
    #   opentelemetry-instrumentation-agno
    #   opentelemetry-instrumentation-alephalpha
    #   opentelemetry-instrumentation-anthropic
    #   opentelemetry-instrumentation-bedrock
    #   opentelemetry-instrumentation-chromadb
    #   opentelemetry-instrumentation-cohere
    #   opentelemetry-instrumentation-crewai
    #   opentelemetry-instrumentation-google-generativeai
    #   opentelemetry-instrumentation-groq
    #   opentelemetry-instrumentation-haystack
    #   opentelemetry-instrumentation-lancedb
    #   opentelemetry-instrumentation-langchain
    #   opentelemetry-instrumentation-llamaindex
    #   opentelemetry-instrumentation-marqo
    #   opentelemetry-instrumentation-mcp
    #   opentelemetry-instrumentation-milvus
    #   opentelemetry-instrumentation-mistralai
    #   opentelemetry-instrumentation-ollama
    #   opentelemetry-instrumentation-openai
    #   opentelemetry-instrumentation-openai-agents
    #   opentelemetry-instrumentation-pinecone
    #   opentelemetry-instrumentation-qdrant
    #   opentelemetry-instrumentation-replicate
    #   opentelemetry-instrumentation-sagemaker
    #   opentelemetry-instrumentation-together
    #   opentelemetry-instrumentation-transformers
    #   opentelemetry-instrumentation-vertexai
    #   opentelemetry-instrumentation-voyageai
    #   opentelemetry-instrumentation-watsonx
    #   opentelemetry-instrumentation-weaviate
    #   opentelemetry-instrumentation-writer
    #   traceloop-sdk
opentelemetry-util-http==0.61b0
    # via
    #   opentelemetry-instrumentation-asgi
    #   opentelemetry-instrumentation-django
    #   opentelemetry-instrumentation-fastapi
    #   opentelemetry-instrumentation-flask
    #   opentelemetry-instrumentation-requests
    #   opentelemetry-instrumentation-urllib
    #   opentelemetry-instrumentation-urllib3
    #   opentelemetry-instrumentation-wsgi
packaging==26.0
    # via
    #   chainlit
    #   huggingface-hub
    #   literalai
    #   marshmallow
    #   opentelemetry-instrumentation
    #   opentelemetry-instrumentation-flask
    #   opentelemetry-instrumentation-sqlalchemy
propcache==0.4.1
    # via
    #   aiohttp
    #   yarl
protobuf==6.33.6
    # via
    #   googleapis-common-protos
    #   opentelemetry-proto
psutil==7.2.2
    # via azure-monitor-opentelemetry-exporter
pycparser==3.0
    # via cffi
pydantic==2.12.5
    # via
    #   sec-posture-iq (pyproject.toml)
    #   anthropic
    #   chainlit
    #   fastapi
    #   github-copilot-sdk
    #   literalai
    #   mcp
    #   openai
    #   pydantic-settings
    #   traceloop-sdk
pydantic-core==2.41.5
    # via pydantic
pydantic-settings==2.13.1
    # via
    #   sec-posture-iq (pyproject.toml)
    #   chainlit
    #   mcp
pygments==2.19.2
    # via rich
pyjwt==2.12.1
    # via
    #   sec-posture-iq (pyproject.toml)
    #   chainlit
    #   mcp
    #   msal
python-dateutil==2.9.0.post0
    # via github-copilot-sdk
python-dotenv==1.2.2
    # via
    #   sec-posture-iq (pyproject.toml)
    #   chainlit
    #   pydantic-settings
    #   uvicorn
python-engineio==4.13.1
    # via python-socketio
python-multipart==0.0.22
    # via
    #   chainlit
    #   mcp
python-socketio==5.16.1
    # via chainlit
pyyaml==6.0.3
    # via
    #   huggingface-hub
    #   uvicorn
referencing==0.37.0
    # via
    #   jsonschema
    #   jsonschema-specifications
requests==2.32.5
    # via
    #   azure-core
    #   msal
    #   msrest
    #   opentelemetry-exporter-otlp-proto-http
    #   requests-oauthlib
requests-oauthlib==2.0.0
    # via msrest
rich==14.3.3
    # via typer
rpds-py==0.30.0
    # via
    #   jsonschema
    #   referencing
shellingham==1.5.4
    # via typer
simple-websocket==1.1.0
    # via python-engineio
six==1.17.0
    # via python-dateutil
sniffio==1.3.1
    # via
    #   anthropic
    #   asyncer
    #   openai
sse-starlette==3.3.3
    # via mcp
starlette==0.52.1
    # via
    #   chainlit
    #   fastapi
    #   mcp
    #   sse-starlette
std-uritemplate==2.0.8
    # via microsoft-kiota-abstractions
structlog==25.5.0
    # via sec-posture-iq (pyproject.toml)
syncer==2.0.3
    # via chainlit
tenacity==9.1.4
    # via traceloop-sdk
tokenizers==0.22.2
    # via opentelemetry-instrumentation-bedrock
tomli==2.4.0
    # via chainlit
tqdm==4.67.3
    # via
    #   huggingface-hub
    #   openai
traceloop-sdk==0.53.3
    # via literalai
typer==0.24.1
    # via huggingface-hub
typing-extensions==4.15.0
    # via
    #   aiosignal
    #   anthropic
    #   anyio
    #   asyncer
    #   azure-core
    #   azure-identity
    #   fastapi
    #   grpcio
    #   huggingface-hub
    #   mcp
    #   openai
    #   opentelemetry-api
    #   opentelemetry-exporter-otlp-proto-grpc
    #   opentelemetry-exporter-otlp-proto-http
    #   opentelemetry-sdk
    #   opentelemetry-semantic-conventions
    #   pydantic
    #   pydantic-core
    #   referencing
    #   starlette
    #   typing-inspect
    #   typing-inspection
typing-inspect==0.9.0
    # via dataclasses-json
typing-inspection==0.4.2
    # via
    #   fastapi
    #   mcp
    #   pydantic
    #   pydantic-settings
urllib3==2.6.3
    # via requests
uvicorn==0.42.0
    # via
    #   sec-posture-iq (pyproject.toml)
    #   chainlit
    #   mcp
uvloop==0.22.1
    # via uvicorn
watchfiles==1.1.1
    # via
    #   chainlit
    #   uvicorn
websockets==16.0
    # via uvicorn
wrapt==1.17.3
    # via
    #   deprecated
    #   opentelemetry-instrumentation
    #   opentelemetry-instrumentation-dbapi
    #   opentelemetry-instrumentation-redis
    #   opentelemetry-instrumentation-sqlalchemy
    #   opentelemetry-instrumentation-threading
    #   opentelemetry-instrumentation-urllib3
wsproto==1.3.2
    # via simple-websocket
yarl==1.23.0
    # via aiohttp
zipp==3.23.0
    # via importlib-metadata
